
Microsoft Visual Studio Solution File, Format Version 12.00
# Visual Studio 14
VisualStudioVersion = 14.0.25029.0
MinimumVisualStudioVersion = 10.0.40219.1
Project("{FAE04EC0-301F-11D3-BF4B-00C04F79EFBC}") = "Seek.DAL", "Seek.DAL\Seek.DAL.csproj", "{EC0DEB18-56C7-4203-9A50-CAFF7EB28076}"
EndProject
Project("{2150E333-8FDC-42A3-9474-1A3956D46DE8}") = "Test", "Test", "{72CC1DAF-7ED7-429F-A12A-DD55944D5BC6}"
EndProject
Project("{FAE04EC0-301F-11D3-BF4B-00C04F79EFBC}") = "Seek.DAL.Test", "Seek.DAL.Test\Seek.DAL.Test.csproj", "{950A018E-2E4D-47BD-A552-5767FFA800E5}"
EndProject
Global
	GlobalSection(SolutionConfigurationPlatforms) = preSolution
		Debug|Any CPU = Debug|Any CPU
		Release|Any CPU = Release|Any CPU
	EndGlobalSection
	GlobalSection(ProjectConfigurationPlatforms) = postSolution
		{EC0DEB18-56C7-4203-9A50-CAFF7EB28076}.Debug|Any CPU.ActiveCfg = Debug|Any CPU
		{EC0DEB18-56C7-4203-9A50-CAFF7EB28076}.Debug|Any CPU.Build.0 = Debug|Any CPU
		{EC0DEB18-56C7-4203-9A50-CAFF7EB28076}.Release|Any CPU.ActiveCfg = Release|Any CPU
		{EC0DEB18-56C7-4203-9A50-CAFF7EB28076}.Release|Any CPU.Build.0 = Release|Any CPU
		{950A018E-2E4D-47BD-A552-5767FFA800E5}.Debug|Any CPU.ActiveCfg = Debug|Any CPU
		{950A018E-2E4D-47BD-A552-5767FFA800E5}.Debug|Any CPU.Build.0 = Debug|Any CPU
		{950A018E-2E4D-47BD-A552-5767FFA800E5}.Release|Any CPU.ActiveCfg = Release|Any CPU
		{950A018E-2E4D-47BD-A552-5767FFA800E5}.Release|Any CPU.Build.0 = Release|Any CPU
	EndGlobalSection
	GlobalSection(SolutionProperties) = preSolution
		HideSolutionNode = FALSE
	EndGlobalSection
	GlobalSection(NestedProjects) = preSolution
		{950A018E-2E4D-47BD-A552-5767FFA800E5} = {72CC1DAF-7ED7-429F-A12A-DD55944D5BC6}
	EndGlobalSection
EndGlobal
